<?xml version="1.0" encoding="utf-8"?>
<Project ToolsVersion="4.0" xmlns="http://schemas.microsoft.com/developer/msbuild/2003">
  <ItemGroup>
    <Filter Include="Source Files">
      <UniqueIdentifier>{4FC737F1-C7A5-4376-A066-2A32D752A2FF}</UniqueIdentifier>
      <Extensions>cpp;c;cc;cxx;def;odl;idl;hpj;bat;asm;asmx</Extensions>
    </Filter>
    <Filter Include="Header Files">
      <UniqueIdentifier>{93995380-89BD-4b04-88EB-625FBE52EBFB}</UniqueIdentifier>
      <Extensions>h;hpp;hxx;hm;inl;inc;xsd</Extensions>
    </Filter>
    <Filter Include="Resource Files">
      <UniqueIdentifier>{67DA6AB6-F800-4c08-8B7A-83BB121AAD01}</UniqueIdentifier>
      <Extensions>rc;ico;cur;bmp;dlg;rc2;rct;bin;rgs;gif;jpg;jpeg;jpe;resx;tiff;tif;png;wav;mfcribbon-ms</Extensions>
    </Filter>
    <Filter Include="ui">
      <UniqueIdentifier>{00304db4-035e-4fd7-bcbe-4177cbd9c08b}</UniqueIdentifier>
    </Filter>
    <Filter Include="astar">
      <UniqueIdentifier>{530d7e99-0eb3-4d7e-a319-6f1f225960e5}</UniqueIdentifier>
    </Filter>
    <Filter Include="lee">
      <UniqueIdentifier>{329634d3-a5cc-4c8c-bcc7-d9808c287967}</UniqueIdentifier>
    </Filter>
    <Filter Include="hashing">
      <UniqueIdentifier>{bfd48af4-512f-4d58-97f6-f6d1ea81efd5}</UniqueIdentifier>
    </Filter>
    <Filter Include="board">
      <UniqueIdentifier>{9147967a-4523-41e0-bb23-8991ae337789}</UniqueIdentifier>
    </Filter>
    <Filter Include="test">
      <UniqueIdentifier>{a02051c8-5d5d-4e07-92ee-6034beb4bb01}</UniqueIdentifier>
    </Filter>
  </ItemGroup>
  <ItemGroup>
    <ClCompile Include="main.cpp">
      <Filter>Source Files</Filter>
    </ClCompile>
    <ClCompile Include="ui\gui.cpp">
      <Filter>ui</Filter>
    </ClCompile>
    <ClCompile Include="gpsa_application.cpp">
      <Filter>Source Files</Filter>
    </ClCompile>
    <ClCompile Include="astar\astar.cpp">
      <Filter>astar</Filter>
    </ClCompile>
    <ClCompile Include="lee\lee.cpp">
      <Filter>lee</Filter>
    </ClCompile>
    <ClCompile Include="board\board.cpp">
      <Filter>board</Filter>
    </ClCompile>
    <ClCompile Include="board\node.cpp">
      <Filter>board</Filter>
    </ClCompile>
    <ClCompile Include="hashing\hashing.cpp">
      <Filter>hashing</Filter>
    </ClCompile>
    <ClCompile Include="test\profiler.cpp">
      <Filter>test</Filter>
    </ClCompile>
    <ClCompile Include="doxygen.cpp">
      <Filter>Source Files</Filter>
    </ClCompile>
  </ItemGroup>
  <ItemGroup>
    <ClInclude Include="ui\gui.h">
      <Filter>ui</Filter>
    </ClInclude>
    <ClInclude Include="gpsa_application.h">
      <Filter>Header Files</Filter>
    </ClInclude>
    <ClInclude Include="astar\astar.h">
      <Filter>astar</Filter>
    </ClInclude>
    <ClInclude Include="lee\lee.h">
      <Filter>lee</Filter>
    </ClInclude>
    <ClInclude Include="board\board.h">
      <Filter>board</Filter>
    </ClInclude>
    <ClInclude Include="board\node.h">
      <Filter>board</Filter>
    </ClInclude>
    <ClInclude Include="hashing\hashing.h">
      <Filter>hashing</Filter>
    </ClInclude>
    <ClInclude Include="test\profiler.h">
      <Filter>test</Filter>
    </ClInclude>
  </ItemGroup>
</Project>